# This file is automatically @generated by Poetry 2.3.3 and should not be changed by hand.

[[package]]
name = "kafka-python"
version = "2.3.1"
description = "Pure Python client for Apache Kafka"
optional = false
python-versions = "*"
groups = ["main"]
files = [
    {file = "kafka_python-2.3.1-py2.py3-none-any.whl", hash = "sha256:4908865da9e57f0f966a83788c71cb0ae91c33451a26ab6e6984a00b15c6ed71"},
    {file = "kafka_python-2.3.1.tar.gz", hash = "sha256:90f1caa12d8faa9fd059852b0c73adf169b979279aa2e3ff370f9fe615d654b6"},
]

[package.extras]
benchmarks = ["pyperf"]
crc32c = ["crc32c"]
lz4 = ["lz4"]
snappy = ["python-snappy"]
testing = ["mock ; python_version < \"3.3\"", "pytest", "pytest-mock", "pytest-timeout"]
zstd = ["zstandard"]

[[package]]
name = "py4j"
version = "0.10.9.7"
description = "Enables Python programs to dynamically access arbitrary Java objects"
optional = false
python-versions = "*"
groups = ["main"]
files = [
    {file = "py4j-0.10.9.7-py2.py3-none-any.whl", hash = "sha256:85defdfd2b2376eb3abf5ca6474b51ab7e0de341c75a02f46dc9b5976f5a5c1b"},
    {file = "py4j-0.10.9.7.tar.gz", hash = "sha256:0b6e5315bb3ada5cf62ac651d107bb2ebc02def3dee9d9548e3baac644ea8dbb"},
]

[[package]]
name = "pyspark"
version = "3.5.1"
description = "Apache Spark Python API"
optional = false
python-versions = ">=3.8"
groups = ["main"]
files = [
    {file = "pyspark-3.5.1.tar.gz", hash = "sha256:dd6569e547365eadc4f887bf57f153e4d582a68c4b490de475d55b9981664910"},
]

[package.dependencies]
py4j = "0.10.9.7"

[package.extras]
connect = ["googleapis-common-protos (>=1.56.4)", "grpcio (>=1.56.0)", "grpcio-status (>=1.56.0)", "numpy (>=1.15)", "pandas (>=1.0.5)", "pyarrow (>=4.0.0)"]
ml = ["numpy (>=1.15)"]
mllib = ["numpy (>=1.15)"]
pandas-on-spark = ["numpy (>=1.15)", "pandas (>=1.0.5)", "pyarrow (>=4.0.0)"]
sql = ["numpy (>=1.15)", "pandas (>=1.0.5)", "pyarrow (>=4.0.0)"]

[metadata]
lock-version = "2.1"
python-versions = ">=3.13"
content-hash = "0a2515e64101b941850b0a0dc96fef5da47d89708e9c9d8430dcb0b7fbec1088"
